
Microsoft Visual Studio Solution File, Format Version 12.00
# Visual Studio 15
VisualStudioVersion = 15.0.27130.2036
MinimumVisualStudioVersion = 10.0.40219.1
Project("{FAE04EC0-301F-11D3-BF4B-00C04F79EFBC}") = "DigitalSolutions.Api", "DigitalSolutions.Api\DigitalSolutions.Api.csproj", "{3610CC3C-8EF5-4333-B510-859A057CA7B0}"
EndProject
Project("{FAE04EC0-301F-11D3-BF4B-00C04F79EFBC}") = "DigitalSolutions.Notification", "DigitalSolutions.Notification\DigitalSolutions.Notification.csproj", "{39DBD0DC-399C-46CF-B0EB-31751B6F0581}"
EndProject
Project("{FAE04EC0-301F-11D3-BF4B-00C04F79EFBC}") = "DigitalSolutions.ServiceBus", "DigitalSolutions.ServiceBus\DigitalSolutions.ServiceBus.csproj", "{A158DE08-2AF4-4AC5-B3C2-248E6E27D7FA}"
EndProject
Global
	GlobalSection(SolutionConfigurationPlatforms) = preSolution
		Debug|Any CPU = Debug|Any CPU
		Release|Any CPU = Release|Any CPU
	EndGlobalSection
	GlobalSection(ProjectConfigurationPlatforms) = postSolution
		{3610CC3C-8EF5-4333-B510-859A057CA7B0}.Debug|Any CPU.ActiveCfg = Debug|Any CPU
		{3610CC3C-8EF5-4333-B510-859A057CA7B0}.Debug|Any CPU.Build.0 = Debug|Any CPU
		{3610CC3C-8EF5-4333-B510-859A057CA7B0}.Release|Any CPU.ActiveCfg = Release|Any CPU
		{3610CC3C-8EF5-4333-B510-859A057CA7B0}.Release|Any CPU.Build.0 = Release|Any CPU
		{39DBD0DC-399C-46CF-B0EB-31751B6F0581}.Debug|Any CPU.ActiveCfg = Debug|Any CPU
		{39DBD0DC-399C-46CF-B0EB-31751B6F0581}.Debug|Any CPU.Build.0 = Debug|Any CPU
		{39DBD0DC-399C-46CF-B0EB-31751B6F0581}.Release|Any CPU.ActiveCfg = Release|Any CPU
		{39DBD0DC-399C-46CF-B0EB-31751B6F0581}.Release|Any CPU.Build.0 = Release|Any CPU
		{A158DE08-2AF4-4AC5-B3C2-248E6E27D7FA}.Debug|Any CPU.ActiveCfg = Debug|Any CPU
		{A158DE08-2AF4-4AC5-B3C2-248E6E27D7FA}.Debug|Any CPU.Build.0 = Debug|Any CPU
		{A158DE08-2AF4-4AC5-B3C2-248E6E27D7FA}.Release|Any CPU.ActiveCfg = Release|Any CPU
		{A158DE08-2AF4-4AC5-B3C2-248E6E27D7FA}.Release|Any CPU.Build.0 = Release|Any CPU
	EndGlobalSection
	GlobalSection(SolutionProperties) = preSolution
		HideSolutionNode = FALSE
	EndGlobalSection
	GlobalSection(ExtensibilityGlobals) = postSolution
		SolutionGuid = {E870D212-E0BD-4A05-96BB-98107387E637}
	EndGlobalSection
EndGlobal
